// !$*UTF8*$!
{
	archiveVersion = 1;
	classes = {
	};
	objectVersion = 46;
	objects = {

/* Begin PBXBuildFile section */
		854892BE1D8103B90000897F /* 字符串复制方法.c in Sources */ = {isa = PBXBuildFile; fileRef = 854892BD1D8103B90000897F /* 字符串复制方法.c */; };
		854892C81D81065E0000897F /* 字符串基本操作.c in Sources */ = {isa = PBXBuildFile; fileRef = 854892C71D81065E0000897F /* 字符串基本操作.c */; };
		85FEA4A61D90CEAB009A7361 /* 指针测试.c in Sources */ = {isa = PBXBuildFile; fileRef = 85FEA4A51D90CEAB009A7361 /* 指针测试.c */; };
/* End PBXBuildFile section */

/* Begin PBXCopyFilesBuildPhase section */
		854892B81D8103B90000897F /* CopyFiles */ = {
			isa = PBXCopyFilesBuildPhase;
			buildActionMask = 2147483647;
			dstPath = /usr/share/man/man1/;
			dstSubfolderSpec = 0;
			files = (
			);
			runOnlyForDeploymentPostprocessing = 1;
		};
/* End PBXCopyFilesBuildPhase section */

/* Begin PBXFileReference section */
		854892BA1D8103B90000897F /* CTestProject */ = {isa = PBXFileReference; explicitFileType = "compiled.mach-o.executable"; includeInIndex = 0; path = CTestProject; sourceTree = BUILT_PRODUCTS_DIR; };
		854892BD1D8103B90000897F /* 字符串复制方法.c */ = {isa = PBXFileReference; lastKnownFileType = sourcecode.c.c; path = "字符串复制方法.c"; sourceTree = "<group>"; };
		854892C71D81065E0000897F /* 字符串基本操作.c */ = {isa = PBXFileReference; fileEncoding = 4; lastKnownFileType = sourcecode.c.c; path = "字符串基本操作.c"; sourceTree = "<group>"; };
		85FEA4A51D90CEAB009A7361 /* 指针测试.c */ = {isa = PBXFileReference; fileEncoding = 4; lastKnownFileType = sourcecode.c.c; path = "指针测试.c"; sourceTree = "<group>"; };
/* End PBXFileReference section */

/* Begin PBXFrameworksBuildPhase section */
		854892B71D8103B90000897F /* Frameworks */ = {
			isa = PBXFrameworksBuildPhase;
			buildActionMask = 2147483647;
			files = (
			);
			runOnlyForDeploymentPostprocessing = 0;
		};
/* End PBXFrameworksBuildPhase section */

/* Begin PBXGroup section */
		854892B11D8103B90000897F = {
			isa = PBXGroup;
			children = (
				854892BC1D8103B90000897F /* CTestProject */,
				854892BB1D8103B90000897F /* Products */,
			);
			sourceTree = "<group>";
		};
		854892BB1D8103B90000897F /* Products */ = {
			isa = PBXGroup;
			children = (
				854892BA1D8103B90000897F /* CTestProject */,
			);
			name = Products;
			sourceTree = "<group>";
		};
		854892BC1D8103B90000897F /* CTestProject */ = {
			isa = PBXGroup;
			children = (
				854892BD1D8103B90000897F /* 字符串复制方法.c */,
				854892C71D81065E0000897F /* 字符串基本操作.c */,
				85FEA4A51D90CEAB009A7361 /* 指针测试.c */,
			);
			path = CTestProject;
			sourceTree = "<group>";
		};
/* End PBXGroup section */

/* Begin PBXNativeTarget section */
		854892B91D8103B90000897F /* CTestProject */ = {
			isa = PBXNativeTarget;
			buildConfigurationList = 854892C11D8103B90000897F /* Build configuration list for PBXNativeTarget "CTestProject" */;
			buildPhases = (
				854892B61D8103B90000897F /* Sources */,
				854892B71D8103B90000897F /* Frameworks */,
				854892B81D8103B90000897F /* CopyFiles */,
			);
			buildRules = (
			);
			dependencies = (
			);
			name = CTestProject;
			productName = CTestProject;
			productReference = 854892BA1D8103B90000897F /* CTestProject */;
			productType = "com.apple.product-type.tool";
		};
/* End PBXNativeTarget section */

/* Begin PBXProject section */
		854892B21D8103B90000897F /* Project object */ = {
			isa = PBXProject;
			attributes = {
				LastUpgradeCheck = 0730;
				ORGANIZATIONNAME = JasonLu;
				TargetAttributes = {
					854892B91D8103B90000897F = {
						CreatedOnToolsVersion = 7.3.1;
					};
				};
			};
			buildConfigurationList = 854892B51D8103B90000897F /* Build configuration list for PBXProject "CTestProject" */;
			compatibilityVersion = "Xcode 3.2";
			developmentRegion = English;
			hasScannedForEncodings = 0;
			knownRegions = (
				en,
			);
			mainGroup = 854892B11D8103B90000897F;
			productRefGroup = 854892BB1D8103B90000897F /* Products */;
			projectDirPath = "";
			projectRoot = "";
			targets = (
				854892B91D8103B90000897F /* CTestProject */,
			);
		};
/* End PBXProject section */

/* Begin PBXSourcesBuildPhase section */
		854892B61D8103B90000897F /* Sources */ = {
			isa = PBXSourcesBuildPhase;
			buildActionMask = 2147483647;
			files = (
				854892C81D81065E0000897F /* 字符串基本操作.c in Sources */,
				85FEA4A61D90CEAB009A7361 /* 指针测试.c in Sources */,
				854892BE1D8103B90000897F /* 字符串复制方法.c in Sources */,
			);
			runOnlyForDeploymentPostprocessing = 0;
		};
/* End PBXSourcesBuildPhase section */

/* Begin XCBuildConfiguration section */
		854892BF1D8103B90000897F /* Debug */ = {
			isa = XCBuildConfiguration;
			buildSettings = {
				ALWAYS_SEARCH_USER_PATHS = NO;
				CLANG_ANALYZER_NONNULL = YES;
				CLANG_CXX_LANGUAGE_STANDARD = "gnu++0x";
				CLANG_CXX_LIBRARY = "libc++";
				CLANG_ENABLE_MODULES = YES;
				CLANG_ENABLE_OBJC_ARC = YES;
				CLANG_WARN_BOOL_CONVERSION = YES;
				CLANG_WARN_CONSTANT_CONVERSION = YES;
				CLANG_WARN_DIRECT_OBJC_ISA_USAGE = YES_ERROR;
				CLANG_WARN_EMPTY_BODY = YES;
				CLANG_WARN_ENUM_CONVERSION = YES;
				CLANG_WARN_INT_CONVERSION = YES;
				CLANG_WARN_OBJC_ROOT_CLASS = YES_ERROR;
				CLANG_WARN_UNREACHABLE_CODE = YES;
				CLANG_WARN__DUPLICATE_METHOD_MATCH = YES;
				CODE_SIGN_IDENTITY = "-";
				COPY_PHASE_STRIP = NO;
				DEBUG_INFORMATION_FORMAT = dwarf;
				ENABLE_STRICT_OBJC_MSGSEND = YES;
				ENABLE_TESTABILITY = YES;
				GCC_C_LANGUAGE_STANDARD = gnu99;
				GCC_DYNAMIC_NO_PIC = NO;
				GCC_NO_COMMON_BLOCKS = YES;
				GCC_OPTIMIZATION_LEVEL = 0;
				GCC_PREPROCESSOR_DEFINITIONS = (
					"DEBUG=1",
					"$(inherited)",
				);
				GCC_WARN_64_TO_32_BIT_CONVERSION = YES;
				GCC_WARN_ABOUT_RETURN_TYPE = YES_ERROR;
				GCC_WARN_UNDECLARED_SELECTOR = YES;
				GCC_WARN_UNINITIALIZED_AUTOS = YES_AGGRESSIVE;
				GCC_WARN_UNUSED_FUNCTION = YES;
				GCC_WARN_UNUSED_VARIABLE = YES;
				MACOSX_DEPLOYMENT_TARGET = 10.11;
				MTL_ENABLE_DEBUG_INFO = YES;
				ONLY_ACTIVE_ARCH = YES;
				SDKROOT = macosx;
			};
			name = Debug;
		};
		854892C01D8103B90000897F /* Release */ = {
			isa = XCBuildConfiguration;
			buildSettings = {
				ALWAYS_SEARCH_USER_PATHS = NO;
				CLANG_ANALYZER_NONNULL = YES;
				CLANG_CXX_LANGUAGE_STANDARD = "gnu++0x";
				CLANG_CXX_LIBRARY = "libc++";
				CLANG_ENABLE_MODULES = YES;
				CLANG_ENABLE_OBJC_ARC = YES;
				CLANG_WARN_BOOL_CONVERSION = YES;
				CLANG_WARN_CONSTANT_CONVERSION = YES;
				CLANG_WARN_DIRECT_OBJC_ISA_USAGE = YES_ERROR;
				CLANG_WARN_EMPTY_BODY = YES;
				CLANG_WARN_ENUM_CONVERSION = YES;
				CLANG_WARN_INT_CONVERSION = YES;
				CLANG_WARN_OBJC_ROOT_CLASS = YES_ERROR;
				CLANG_WARN_UNREACHABLE_CODE = YES;
				CLANG_WARN__DUPLICATE_METHOD_MATCH = YES;
				CODE_SIGN_IDENTITY = "-";
				COPY_PHASE_STRIP = NO;
				DEBUG_INFORMATION_FORMAT = "dwarf-with-dsym";
				ENABLE_NS_ASSERTIONS = NO;
				ENABLE_STRICT_OBJC_MSGSEND = YES;
				GCC_C_LANGUAGE_STANDARD = gnu99;
				GCC_NO_COMMON_BLOCKS = YES;
				GCC_WARN_64_TO_32_BIT_CONVERSION = YES;
				GCC_WARN_ABOUT_RETURN_TYPE = YES_ERROR;
				GCC_WARN_UNDECLARED_SELECTOR = YES;
				GCC_WARN_UNINITIALIZED_AUTOS = YES_AGGRESSIVE;
				GCC_WARN_UNUSED_FUNCTION = YES;
				GCC_WARN_UNUSED_VARIABLE = YES;
				MACOSX_DEPLOYMENT_TARGET = 10.11;
				MTL_ENABLE_DEBUG_INFO = NO;
				SDKROOT = macosx;
			};
			name = Release;
		};
		854892C21D8103B90000897F /* Debug */ = {
			isa = XCBuildConfiguration;
			buildSettings = {
				PRODUCT_NAME = "$(TARGET_NAME)";
			};
			name = Debug;
		};
		854892C31D8103B90000897F /* Release */ = {
			isa = XCBuildConfiguration;
			buildSettings = {
				PRODUCT_NAME = "$(TARGET_NAME)";
			};
			name = Release;
		};
/* End XCBuildConfiguration section */

/* Begin XCConfigurationList section */
		854892B51D8103B90000897F /* Build configuration list for PBXProject "CTestProject" */ = {
			isa = XCConfigurationList;
			buildConfigurations = (
				854892BF1D8103B90000897F /* Debug */,
				854892C01D8103B90000897F /* Release */,
			);
			defaultConfigurationIsVisible = 0;
			defaultConfigurationName = Release;
		};
		854892C11D8103B90000897F /* Build configuration list for PBXNativeTarget "CTestProject" */ = {
			isa = XCConfigurationList;
			buildConfigurations = (
				854892C21D8103B90000897F /* Debug */,
				854892C31D8103B90000897F /* Release */,
			);
			defaultConfigurationIsVisible = 0;
			defaultConfigurationName = Release;
		};
/* End XCConfigurationList section */
	};
	rootObject = 854892B21D8103B90000897F /* Project object */;
}
